
Microsoft Visual Studio Solution File, Format Version 12.00
# Visual Studio 15
VisualStudioVersion = 15.0.28010.2016
MinimumVisualStudioVersion = 10.0.40219.1
Project("{2150E333-8FDC-42A3-9474-1A3956D46DE8}") = "class", "class", "{47B86D95-2122-4E62-B398-DDF4B9FF7835}"
EndProject
Project("{8BC9CEB8-8B4A-11D0-8D11-00A0C91BC942}") = "class1_window", "class\class1\class1.vcxproj", "{DFA644C8-C841-4C92-A31B-0DE8D81CB297}"
EndProject
Project("{2150E333-8FDC-42A3-9474-1A3956D46DE8}") = "home", "home", "{1586D5AC-BDE2-4965-8B81-8B0D73FA9025}"
EndProject
Project("{8BC9CEB8-8B4A-11D0-8D11-00A0C91BC942}") = "home1", "home\home1\home1.vcxproj", "{9F7B7781-9BBA-4902-8354-020E8F970773}"
EndProject
Project("{8BC9CEB8-8B4A-11D0-8D11-00A0C91BC942}") = "class2_scroll", "class\class2\class2.vcxproj", "{A250E23E-AD42-48AF-8A18-A881A08D93E9}"
EndProject
Project("{8BC9CEB8-8B4A-11D0-8D11-00A0C91BC942}") = "class3_drawing", "class\class3\class3.vcxproj", "{24021854-336C-4552-BD9F-B80E047624A8}"
EndProject
Project("{8BC9CEB8-8B4A-11D0-8D11-00A0C91BC942}") = "function", "home\function\function.vcxproj", "{8A69C540-01CC-4938-8785-E84262BBB7BD}"
EndProject
Project("{8BC9CEB8-8B4A-11D0-8D11-00A0C91BC942}") = "console", "home\console\console.vcxproj", "{77A7DBC8-723B-4201-8CF0-C361DA5B6D06}"
EndProject
Project("{8BC9CEB8-8B4A-11D0-8D11-00A0C91BC942}") = "class4_map_region", "class\class4\class4.vcxproj", "{3DF6E040-19E8-43DB-8210-82961BA6C60F}"
EndProject
Project("{8BC9CEB8-8B4A-11D0-8D11-00A0C91BC942}") = "class5_bitmap", "class\class5\class5.vcxproj", "{206291A9-517B-43BB-A36B-B0D98DE10F52}"
EndProject
Project("{8BC9CEB8-8B4A-11D0-8D11-00A0C91BC942}") = "class6_font_input", "class\class6\class6.vcxproj", "{0A5EA6A1-1DD7-4D42-9A9A-09BBCF9B76DB}"
EndProject
Project("{8BC9CEB8-8B4A-11D0-8D11-00A0C91BC942}") = "dance", "home\dance\dance.vcxproj", "{657F590A-1FA9-4A54-9CCD-3C4F451DF913}"
EndProject
Project("{8BC9CEB8-8B4A-11D0-8D11-00A0C91BC942}") = "dance2", "home\dance2\dance2.vcxproj", "{1580E452-1830-4B1B-AC26-E294250419FF}"
EndProject
Project("{8BC9CEB8-8B4A-11D0-8D11-00A0C91BC942}") = "class7_timer", "class\class7\class7.vcxproj", "{F12A6922-743E-460E-98F1-AF47DFD3C8D3}"
EndProject
Project("{8BC9CEB8-8B4A-11D0-8D11-00A0C91BC942}") = "fractal", "home\fractal\fractal.vcxproj", "{4FB477D4-82C8-49A5-865C-82646B5B0BE4}"
EndProject
Project("{8BC9CEB8-8B4A-11D0-8D11-00A0C91BC942}") = "multable", "home\multable\multable.vcxproj", "{500D1235-3AA6-4AB3-AF66-A1372BB5A589}"
EndProject
Project("{8BC9CEB8-8B4A-11D0-8D11-00A0C91BC942}") = "spheres", "home\spheres\spheres.vcxproj", "{3E8B29FC-3409-48FD-8A21-D74953C229EF}"
EndProject
Global
	GlobalSection(SolutionConfigurationPlatforms) = preSolution
		Debug|x64 = Debug|x64
		Debug|x86 = Debug|x86
		Release|x64 = Release|x64
		Release|x86 = Release|x86
	EndGlobalSection
	GlobalSection(ProjectConfigurationPlatforms) = postSolution
		{DFA644C8-C841-4C92-A31B-0DE8D81CB297}.Debug|x64.ActiveCfg = Debug|x64
		{DFA644C8-C841-4C92-A31B-0DE8D81CB297}.Debug|x64.Build.0 = Debug|x64
		{DFA644C8-C841-4C92-A31B-0DE8D81CB297}.Debug|x86.ActiveCfg = Debug|Win32
		{DFA644C8-C841-4C92-A31B-0DE8D81CB297}.Debug|x86.Build.0 = Debug|Win32
		{DFA644C8-C841-4C92-A31B-0DE8D81CB297}.Release|x64.ActiveCfg = Release|x64
		{DFA644C8-C841-4C92-A31B-0DE8D81CB297}.Release|x64.Build.0 = Release|x64
		{DFA644C8-C841-4C92-A31B-0DE8D81CB297}.Release|x86.ActiveCfg = Release|Win32
		{DFA644C8-C841-4C92-A31B-0DE8D81CB297}.Release|x86.Build.0 = Release|Win32
		{9F7B7781-9BBA-4902-8354-020E8F970773}.Debug|x64.ActiveCfg = Debug|x64
		{9F7B7781-9BBA-4902-8354-020E8F970773}.Debug|x64.Build.0 = Debug|x64
		{9F7B7781-9BBA-4902-8354-020E8F970773}.Debug|x86.ActiveCfg = Debug|Win32
		{9F7B7781-9BBA-4902-8354-020E8F970773}.Debug|x86.Build.0 = Debug|Win32
		{9F7B7781-9BBA-4902-8354-020E8F970773}.Release|x64.ActiveCfg = Release|x64
		{9F7B7781-9BBA-4902-8354-020E8F970773}.Release|x64.Build.0 = Release|x64
		{9F7B7781-9BBA-4902-8354-020E8F970773}.Release|x86.ActiveCfg = Release|Win32
		{9F7B7781-9BBA-4902-8354-020E8F970773}.Release|x86.Build.0 = Release|Win32
		{A250E23E-AD42-48AF-8A18-A881A08D93E9}.Debug|x64.ActiveCfg = Debug|x64
		{A250E23E-AD42-48AF-8A18-A881A08D93E9}.Debug|x64.Build.0 = Debug|x64
		{A250E23E-AD42-48AF-8A18-A881A08D93E9}.Debug|x86.ActiveCfg = Debug|Win32
		{A250E23E-AD42-48AF-8A18-A881A08D93E9}.Debug|x86.Build.0 = Debug|Win32
		{A250E23E-AD42-48AF-8A18-A881A08D93E9}.Release|x64.ActiveCfg = Release|x64
		{A250E23E-AD42-48AF-8A18-A881A08D93E9}.Release|x64.Build.0 = Release|x64
		{A250E23E-AD42-48AF-8A18-A881A08D93E9}.Release|x86.ActiveCfg = Release|Win32
		{A250E23E-AD42-48AF-8A18-A881A08D93E9}.Release|x86.Build.0 = Release|Win32
		{24021854-336C-4552-BD9F-B80E047624A8}.Debug|x64.ActiveCfg = Debug|x64
		{24021854-336C-4552-BD9F-B80E047624A8}.Debug|x64.Build.0 = Debug|x64
		{24021854-336C-4552-BD9F-B80E047624A8}.Debug|x86.ActiveCfg = Debug|Win32
		{24021854-336C-4552-BD9F-B80E047624A8}.Debug|x86.Build.0 = Debug|Win32
		{24021854-336C-4552-BD9F-B80E047624A8}.Release|x64.ActiveCfg = Release|x64
		{24021854-336C-4552-BD9F-B80E047624A8}.Release|x64.Build.0 = Release|x64
		{24021854-336C-4552-BD9F-B80E047624A8}.Release|x86.ActiveCfg = Release|Win32
		{24021854-336C-4552-BD9F-B80E047624A8}.Release|x86.Build.0 = Release|Win32
		{8A69C540-01CC-4938-8785-E84262BBB7BD}.Debug|x64.ActiveCfg = Debug|x64
		{8A69C540-01CC-4938-8785-E84262BBB7BD}.Debug|x64.Build.0 = Debug|x64
		{8A69C540-01CC-4938-8785-E84262BBB7BD}.Debug|x86.ActiveCfg = Debug|Win32
		{8A69C540-01CC-4938-8785-E84262BBB7BD}.Debug|x86.Build.0 = Debug|Win32
		{8A69C540-01CC-4938-8785-E84262BBB7BD}.Release|x64.ActiveCfg = Release|x64
		{8A69C540-01CC-4938-8785-E84262BBB7BD}.Release|x64.Build.0 = Release|x64
		{8A69C540-01CC-4938-8785-E84262BBB7BD}.Release|x86.ActiveCfg = Release|Win32
		{8A69C540-01CC-4938-8785-E84262BBB7BD}.Release|x86.Build.0 = Release|Win32
		{77A7DBC8-723B-4201-8CF0-C361DA5B6D06}.Debug|x64.ActiveCfg = Debug|x64
		{77A7DBC8-723B-4201-8CF0-C361DA5B6D06}.Debug|x64.Build.0 = Debug|x64
		{77A7DBC8-723B-4201-8CF0-C361DA5B6D06}.Debug|x86.ActiveCfg = Debug|Win32
		{77A7DBC8-723B-4201-8CF0-C361DA5B6D06}.Debug|x86.Build.0 = Debug|Win32
		{77A7DBC8-723B-4201-8CF0-C361DA5B6D06}.Release|x64.ActiveCfg = Release|x64
		{77A7DBC8-723B-4201-8CF0-C361DA5B6D06}.Release|x64.Build.0 = Release|x64
		{77A7DBC8-723B-4201-8CF0-C361DA5B6D06}.Release|x86.ActiveCfg = Release|Win32
		{77A7DBC8-723B-4201-8CF0-C361DA5B6D06}.Release|x86.Build.0 = Release|Win32
		{3DF6E040-19E8-43DB-8210-82961BA6C60F}.Debug|x64.ActiveCfg = Debug|x64
		{3DF6E040-19E8-43DB-8210-82961BA6C60F}.Debug|x64.Build.0 = Debug|x64
		{3DF6E040-19E8-43DB-8210-82961BA6C60F}.Debug|x86.ActiveCfg = Debug|Win32
		{3DF6E040-19E8-43DB-8210-82961BA6C60F}.Debug|x86.Build.0 = Debug|Win32
		{3DF6E040-19E8-43DB-8210-82961BA6C60F}.Release|x64.ActiveCfg = Release|x64
		{3DF6E040-19E8-43DB-8210-82961BA6C60F}.Release|x64.Build.0 = Release|x64
		{3DF6E040-19E8-43DB-8210-82961BA6C60F}.Release|x86.ActiveCfg = Release|Win32
		{3DF6E040-19E8-43DB-8210-82961BA6C60F}.Release|x86.Build.0 = Release|Win32
		{206291A9-517B-43BB-A36B-B0D98DE10F52}.Debug|x64.ActiveCfg = Debug|x64
		{206291A9-517B-43BB-A36B-B0D98DE10F52}.Debug|x64.Build.0 = Debug|x64
		{206291A9-517B-43BB-A36B-B0D98DE10F52}.Debug|x86.ActiveCfg = Debug|Win32
		{206291A9-517B-43BB-A36B-B0D98DE10F52}.Debug|x86.Build.0 = Debug|Win32
		{206291A9-517B-43BB-A36B-B0D98DE10F52}.Release|x64.ActiveCfg = Release|x64
		{206291A9-517B-43BB-A36B-B0D98DE10F52}.Release|x64.Build.0 = Release|x64
		{206291A9-517B-43BB-A36B-B0D98DE10F52}.Release|x86.ActiveCfg = Release|Win32
		{206291A9-517B-43BB-A36B-B0D98DE10F52}.Release|x86.Build.0 = Release|Win32
		{0A5EA6A1-1DD7-4D42-9A9A-09BBCF9B76DB}.Debug|x64.ActiveCfg = Debug|x64
		{0A5EA6A1-1DD7-4D42-9A9A-09BBCF9B76DB}.Debug|x64.Build.0 = Debug|x64
		{0A5EA6A1-1DD7-4D42-9A9A-09BBCF9B76DB}.Debug|x86.ActiveCfg = Debug|Win32
		{0A5EA6A1-1DD7-4D42-9A9A-09BBCF9B76DB}.Debug|x86.Build.0 = Debug|Win32
		{0A5EA6A1-1DD7-4D42-9A9A-09BBCF9B76DB}.Release|x64.ActiveCfg = Release|x64
		{0A5EA6A1-1DD7-4D42-9A9A-09BBCF9B76DB}.Release|x64.Build.0 = Release|x64
		{0A5EA6A1-1DD7-4D42-9A9A-09BBCF9B76DB}.Release|x86.ActiveCfg = Release|Win32
		{0A5EA6A1-1DD7-4D42-9A9A-09BBCF9B76DB}.Release|x86.Build.0 = Release|Win32
		{657F590A-1FA9-4A54-9CCD-3C4F451DF913}.Debug|x64.ActiveCfg = Debug|x64
		{657F590A-1FA9-4A54-9CCD-3C4F451DF913}.Debug|x64.Build.0 = Debug|x64
		{657F590A-1FA9-4A54-9CCD-3C4F451DF913}.Debug|x86.ActiveCfg = Debug|Win32
		{657F590A-1FA9-4A54-9CCD-3C4F451DF913}.Debug|x86.Build.0 = Debug|Win32
		{657F590A-1FA9-4A54-9CCD-3C4F451DF913}.Release|x64.ActiveCfg = Release|x64
		{657F590A-1FA9-4A54-9CCD-3C4F451DF913}.Release|x64.Build.0 = Release|x64
		{657F590A-1FA9-4A54-9CCD-3C4F451DF913}.Release|x86.ActiveCfg = Release|Win32
		{657F590A-1FA9-4A54-9CCD-3C4F451DF913}.Release|x86.Build.0 = Release|Win32
		{1580E452-1830-4B1B-AC26-E294250419FF}.Debug|x64.ActiveCfg = Debug|x64
		{1580E452-1830-4B1B-AC26-E294250419FF}.Debug|x64.Build.0 = Debug|x64
		{1580E452-1830-4B1B-AC26-E294250419FF}.Debug|x86.ActiveCfg = Debug|Win32
		{1580E452-1830-4B1B-AC26-E294250419FF}.Debug|x86.Build.0 = Debug|Win32
		{1580E452-1830-4B1B-AC26-E294250419FF}.Release|x64.ActiveCfg = Release|x64
		{1580E452-1830-4B1B-AC26-E294250419FF}.Release|x64.Build.0 = Release|x64
		{1580E452-1830-4B1B-AC26-E294250419FF}.Release|x86.ActiveCfg = Release|Win32
		{1580E452-1830-4B1B-AC26-E294250419FF}.Release|x86.Build.0 = Release|Win32
		{F12A6922-743E-460E-98F1-AF47DFD3C8D3}.Debug|x64.ActiveCfg = Debug|x64
		{F12A6922-743E-460E-98F1-AF47DFD3C8D3}.Debug|x64.Build.0 = Debug|x64
		{F12A6922-743E-460E-98F1-AF47DFD3C8D3}.Debug|x86.ActiveCfg = Debug|Win32
		{F12A6922-743E-460E-98F1-AF47DFD3C8D3}.Debug|x86.Build.0 = Debug|Win32
		{F12A6922-743E-460E-98F1-AF47DFD3C8D3}.Release|x64.ActiveCfg = Release|x64
		{F12A6922-743E-460E-98F1-AF47DFD3C8D3}.Release|x64.Build.0 = Release|x64
		{F12A6922-743E-460E-98F1-AF47DFD3C8D3}.Release|x86.ActiveCfg = Release|Win32
		{F12A6922-743E-460E-98F1-AF47DFD3C8D3}.Release|x86.Build.0 = Release|Win32
		{4FB477D4-82C8-49A5-865C-82646B5B0BE4}.Debug|x64.ActiveCfg = Debug|x64
		{4FB477D4-82C8-49A5-865C-82646B5B0BE4}.Debug|x64.Build.0 = Debug|x64
		{4FB477D4-82C8-49A5-865C-82646B5B0BE4}.Debug|x86.ActiveCfg = Debug|Win32
		{4FB477D4-82C8-49A5-865C-82646B5B0BE4}.Debug|x86.Build.0 = Debug|Win32
		{4FB477D4-82C8-49A5-865C-82646B5B0BE4}.Release|x64.ActiveCfg = Release|x64
		{4FB477D4-82C8-49A5-865C-82646B5B0BE4}.Release|x64.Build.0 = Release|x64
		{4FB477D4-82C8-49A5-865C-82646B5B0BE4}.Release|x86.ActiveCfg = Release|Win32
		{4FB477D4-82C8-49A5-865C-82646B5B0BE4}.Release|x86.Build.0 = Release|Win32
		{500D1235-3AA6-4AB3-AF66-A1372BB5A589}.Debug|x64.ActiveCfg = Debug|x64
		{500D1235-3AA6-4AB3-AF66-A1372BB5A589}.Debug|x64.Build.0 = Debug|x64
		{500D1235-3AA6-4AB3-AF66-A1372BB5A589}.Debug|x86.ActiveCfg = Debug|Win32
		{500D1235-3AA6-4AB3-AF66-A1372BB5A589}.Debug|x86.Build.0 = Debug|Win32
		{500D1235-3AA6-4AB3-AF66-A1372BB5A589}.Release|x64.ActiveCfg = Release|x64
		{500D1235-3AA6-4AB3-AF66-A1372BB5A589}.Release|x64.Build.0 = Release|x64
		{500D1235-3AA6-4AB3-AF66-A1372BB5A589}.Release|x86.ActiveCfg = Release|Win32
		{500D1235-3AA6-4AB3-AF66-A1372BB5A589}.Release|x86.Build.0 = Release|Win32
		{3E8B29FC-3409-48FD-8A21-D74953C229EF}.Debug|x64.ActiveCfg = Debug|x64
		{3E8B29FC-3409-48FD-8A21-D74953C229EF}.Debug|x64.Build.0 = Debug|x64
		{3E8B29FC-3409-48FD-8A21-D74953C229EF}.Debug|x86.ActiveCfg = Debug|Win32
		{3E8B29FC-3409-48FD-8A21-D74953C229EF}.Debug|x86.Build.0 = Debug|Win32
		{3E8B29FC-3409-48FD-8A21-D74953C229EF}.Release|x64.ActiveCfg = Release|x64
		{3E8B29FC-3409-48FD-8A21-D74953C229EF}.Release|x64.Build.0 = Release|x64
		{3E8B29FC-3409-48FD-8A21-D74953C229EF}.Release|x86.ActiveCfg = Release|Win32
		{3E8B29FC-3409-48FD-8A21-D74953C229EF}.Release|x86.Build.0 = Release|Win32
	EndGlobalSection
	GlobalSection(SolutionProperties) = preSolution
		HideSolutionNode = FALSE
	EndGlobalSection
	GlobalSection(NestedProjects) = preSolution
		{DFA644C8-C841-4C92-A31B-0DE8D81CB297} = {47B86D95-2122-4E62-B398-DDF4B9FF7835}
		{9F7B7781-9BBA-4902-8354-020E8F970773} = {1586D5AC-BDE2-4965-8B81-8B0D73FA9025}
		{A250E23E-AD42-48AF-8A18-A881A08D93E9} = {47B86D95-2122-4E62-B398-DDF4B9FF7835}
		{24021854-336C-4552-BD9F-B80E047624A8} = {47B86D95-2122-4E62-B398-DDF4B9FF7835}
		{8A69C540-01CC-4938-8785-E84262BBB7BD} = {1586D5AC-BDE2-4965-8B81-8B0D73FA9025}
		{77A7DBC8-723B-4201-8CF0-C361DA5B6D06} = {1586D5AC-BDE2-4965-8B81-8B0D73FA9025}
		{3DF6E040-19E8-43DB-8210-82961BA6C60F} = {47B86D95-2122-4E62-B398-DDF4B9FF7835}
		{206291A9-517B-43BB-A36B-B0D98DE10F52} = {47B86D95-2122-4E62-B398-DDF4B9FF7835}
		{0A5EA6A1-1DD7-4D42-9A9A-09BBCF9B76DB} = {47B86D95-2122-4E62-B398-DDF4B9FF7835}
		{657F590A-1FA9-4A54-9CCD-3C4F451DF913} = {1586D5AC-BDE2-4965-8B81-8B0D73FA9025}
		{1580E452-1830-4B1B-AC26-E294250419FF} = {1586D5AC-BDE2-4965-8B81-8B0D73FA9025}
		{F12A6922-743E-460E-98F1-AF47DFD3C8D3} = {47B86D95-2122-4E62-B398-DDF4B9FF7835}
		{4FB477D4-82C8-49A5-865C-82646B5B0BE4} = {1586D5AC-BDE2-4965-8B81-8B0D73FA9025}
		{500D1235-3AA6-4AB3-AF66-A1372BB5A589} = {1586D5AC-BDE2-4965-8B81-8B0D73FA9025}
		{3E8B29FC-3409-48FD-8A21-D74953C229EF} = {1586D5AC-BDE2-4965-8B81-8B0D73FA9025}
	EndGlobalSection
	GlobalSection(ExtensibilityGlobals) = postSolution
		SolutionGuid = {F47A1514-6F83-4DE4-929C-9F94F5F34A7F}
	EndGlobalSection
EndGlobal
